
Microsoft Visual Studio Solution File, Format Version 12.00
# Visual Studio Version 17
VisualStudioVersion = 17.9.34902.65
MinimumVisualStudioVersion = 10.0.40219.1
Project("{FAE04EC0-301F-11D3-BF4B-00C04F79EFBC}") = "miniproject", "miniproject\miniproject.csproj", "{FFBCCD38-24A9-4BF5-A7A7-3AE7EAB272E3}"
EndProject
Global
	GlobalSection(SolutionConfigurationPlatforms) = preSolution
		Debug|Any CPU = Debug|Any CPU
		Release|Any CPU = Release|Any CPU
	EndGlobalSection
	GlobalSection(ProjectConfigurationPlatforms) = postSolution
		{FFBCCD38-24A9-4BF5-A7A7-3AE7EAB272E3}.Debug|Any CPU.ActiveCfg = Debug|Any CPU
		{FFBCCD38-24A9-4BF5-A7A7-3AE7EAB272E3}.Debug|Any CPU.Build.0 = Debug|Any CPU
		{FFBCCD38-24A9-4BF5-A7A7-3AE7EAB272E3}.Release|Any CPU.ActiveCfg = Release|Any CPU
		{FFBCCD38-24A9-4BF5-A7A7-3AE7EAB272E3}.Release|Any CPU.Build.0 = Release|Any CPU
	EndGlobalSection
	GlobalSection(SolutionProperties) = preSolution
		HideSolutionNode = FALSE
	EndGlobalSection
	GlobalSection(ExtensibilityGlobals) = postSolution
		SolutionGuid = {1BBEFFE1-4B61-4B86-B889-4D4FBABBADE8}
	EndGlobalSection
EndGlobal
